<?xml version="1.0" encoding="utf-8"?>
<Project ToolsVersion="4.0" xmlns="http://schemas.microsoft.com/developer/msbuild/2003">
  <ItemGroup>
    <FxCompile Include="EngineResources\HLSL\FullscreenShader.hlsl" />
    <FxCompile Include="EngineResources\HLSL\Sprite\Sprite.PS.hlsl" />
    <FxCompile Include="EngineResources\HLSL\Sprite\Sprite.VS.hlsl" />
    <FxCompile Include="EngineResources\HLSL\Forward\3DObject\Object3d.PS.hlsl" />
    <FxCompile Include="EngineResources\HLSL\Forward\3DObject\Object3d.VS.hlsl" />
    <FxCompile Include="EngineResources\HLSL\Posteffect\ChromaticAberration\ChromaticAberration.PS.hlsl" />
    <FxCompile Include="EngineResources\HLSL\Posteffect\Grayscale\Grayscale.PS.hlsl" />
    <FxCompile Include="EngineResources\HLSL\Debug\NormalColor\NormalColor.PS.hlsl" />
    <FxCompile Include="EngineResources\HLSL\Debug\NormalColor\NormalColor.VS.hlsl" />
    <FxCompile Include="EngineResources\HLSL\Posteffect\Outline\Outline.PS.hlsl" />
    <FxCompile Include="EngineResources\HLSL\Forward\Particle\ParticleBillboard\ParticleBillboard.PS.hlsl" />
    <FxCompile Include="EngineResources\HLSL\Forward\Particle\ParticleBillboard\ParticleBillboard.VS.hlsl" />
    <FxCompile Include="EngineResources\HLSL\Forward\Particle\ParticleMesh\ParticleMesh.PS.hlsl" />
    <FxCompile Include="EngineResources\HLSL\Forward\Particle\ParticleMesh\ParticleMesh.VS.hlsl" />
    <FxCompile Include="EngineResources\HLSL\Posteffect\RadialBlur\RadialBlur.PS.hlsl" />
    <FxCompile Include="EngineResources\HLSL\Debug\Wireframe\Wireframe3d.PS.hlsl" />
    <FxCompile Include="EngineResources\HLSL\Debug\Wireframe\Wireframe3d.VS.hlsl" />
  </ItemGroup>
  <ItemGroup>
    <ClCompile Include="Engine\Module\Render\RenderNode\Deferred\Lighting\DirectionalLighingNode.cpp" />
    <ClCompile Include="Engine\Module\Render\RenderNode\Deferred\Mesh\MeshNodeDeferred.cpp" />
    <ClCompile Include="Engine\Module\DrawExecutor\PrimitiveLineDrawExecutor\PrimitiveLineDrawExecutor.cpp" />
    <ClCompile Include="Application\Character\Child\Child.cpp" />
    <ClCompile Include="Application\Scene\GameManagement.cpp" />
    <ClCompile Include="Application\Scene\UIManagement.cpp" />
    <ClCompile Include="Application\Character\CharacterBase.cpp" />
    <ClCompile Include="Engine\Module\World\Collision\Collider\AABBCollider.cpp" />
    <ClCompile Include="Application\Scene\GameScene.cpp" />
    <ClCompile Include="Application\Mapchip\MapchipField.cpp" />
    <ClCompile Include="Application\LevelLoader\LevelLoader.cpp" />
    <ClCompile Include="Application\Utility\GameUtility.cpp" />
    <ClCompile Include="Library\Math\Affine.cpp" />
    <ClCompile Include="Library\Math\Basis.cpp" />
    <ClCompile Include="Engine\Resources\Audio\AudioResourceBuilder.cpp" />
    <ClCompile Include="Engine\Module\World\AnimatedMesh\AnimatedMeshInstance.cpp" />
    <ClCompile Include="Engine\Module\World\Light\PointLight\PointLightInstance.cpp" />
    <ClCompile Include="Engine\Module\World\Light\SpotLight\SpotLightInstance.cpp" />
    <ClCompile Include="Engine\Module\World\Particle\ParticleEmitterInstance.cpp" />
    <ClCompile Include="Engine\Resources\Json\JsonResource.cpp" />
    <ClCompile Include="Engine\Debug\ImGui\ImGuiJsonEditor\ImGuiValueEditor.cpp" />
    <ClCompile Include="Library\Math\Color3.cpp" />
    <ClCompile Include="Engine\Module\Render\RenderNode\Debug\Line\LineNode.cpp" />
    <ClCompile Include="Engine\Debug\ImGui\ImGuiTK\ImGuiTK.cpp" />
    <ClCompile Include="Engine\Module\World\Particle\DrawSystem\BaseParticleDrawSystem.cpp" />
    <ClCompile Include="Engine\Module\World\Particle\DrawSystem\ParticleDrawSystemRect.cpp" />
    <ClCompile Include="Engine\Module\World\Particle\DrawSystem\ParticleDrawSystemMesh.cpp" />
    <ClCompile Include="Engine\Resources\Animation\NodeAnimation\NodeAnimationResource.cpp" />
    <ClCompile Include="Engine\Resources\Animation\NodeAnimation\NodeAnimationPlayer.cpp" />
    <ClCompile Include="Engine\Resources\Animation\Skeleton\SkeletonResource.cpp" />
    <ClCompile Include="Engine\Resources\Animation\NodeAnimation\NodeAnimationManager.cpp" />
    <ClCompile Include="Engine\Resources\Animation\Skeleton\SkeletonManager.cpp" />
    <ClCompile Include="Engine\Module\Render\RenderNode\Forward\SkinningMesh\SkinningMeshNode.cpp" />
    <ClCompile Include="Engine\Resources\PolygonMesh\PolygonMeshBuilder.cpp" />
    <ClCompile Include="Engine\Resources\Animation\Skeleton\SkeletonResourceBuilder.cpp" />
    <ClCompile Include="Engine\Resources\Animation\NodeAnimation\NodeAnimationResourceBuilder.cpp" />
    <ClCompile Include="Engine\Resources\PrimitiveGeometry\PrimitiveGeometryResource.cpp" />
    <ClCompile Include="Engine\Resources\PrimitiveGeometry\PrimitiveGeometryManager.cpp" />
    <ClCompile Include="Engine\Module\Render\RenderNode\Debug\PrimitiveLine\PrimitiveLineNode.cpp" />
    <ClCompile Include="Engine\Module\Render\RenderNode\Deferred\Lighting\PointLightingNode.cpp" />
    <ClCompile Include="Engine\Module\Render\RenderNode\Deferred\SkinMesh\SkinMeshNodeDeferred.cpp" />
    <ClCompile Include="Application\Character\Player\Player.cpp" />
    <ClCompile Include="Application\Character\Player\PlayerManager.cpp" />
    <ClCompile Include="JsonReader.cpp" />
    <ClCompile Include="Application\Mapchip\MapchipHandler.cpp" />
    <ClCompile Include="TestCode\CallbackManagerDemo.cpp" />
    <ClCompile Include="Engine\Module\World\Collision\CollisionCallbackManager.cpp" />
    <ClCompile Include="Engine\Module\World\Light\DirectionalLight\DirectionalLightInstance.cpp" />
    <ClCompile Include="Engine\Debug\DebugValues\DebugValues.cpp" />
    <ClCompile Include="Engine\Resources\Audio\AudioManager.cpp" />
    <ClCompile Include="Engine\Resources\Audio\AudioPlayer.cpp" />
    <ClCompile Include="Engine\Resources\Audio\AudioResource.cpp" />
    <ClCompile Include="Engine\Runtime\Input\Input.cpp" />
    <ClCompile Include="Engine\Runtime\Scene\BaseScene.cpp" />
    <ClCompile Include="Engine\Runtime\Scene\SceneManager.cpp" />
    <ClCompile Include="Engine\Runtime\WorldClock\WorldClock.cpp" />
    <ClCompile Include="Engine\Debug\ImGui\ImGuiLoadManager\ImGuiLoadManager.cpp" />
    <ClCompile Include="Engine\Debug\ImGui\ImGuiManager\ImGuiManager.cpp" />
    <ClCompile Include="Engine\Debug\Output.cpp" />
    <ClCompile Include="Engine\Rendering\DirectX\DirectXCommand\DirectXCommand.cpp" />
    <ClCompile Include="Engine\Rendering\DirectX\DirectXCore.cpp" />
    <ClCompile Include="Engine\Rendering\DirectX\DirectXDescriptorHeap\DirectXDescriptorHeap.cpp" />
    <ClCompile Include="Engine\Rendering\DirectX\DirectXDescriptorHeap\DSVDescroptorHeap\DSVDescriptorHeap.cpp" />
    <ClCompile Include="Engine\Rendering\DirectX\DirectXDescriptorHeap\RTVDescriptorHeap\RTVDescriptorHeap.cpp" />
    <ClCompile Include="Engine\Rendering\DirectX\DirectXDescriptorHeap\SRVDescriptorHeap\SRVDescriptorHeap.cpp" />
    <ClCompile Include="Engine\Rendering\DirectX\DirectXDevice\DirectXDevice.cpp" />
    <ClCompile Include="Engine\Rendering\DirectX\DirectXResourceObject\ConstantBuffer\Material\Material.cpp" />
    <ClCompile Include="Engine\Rendering\DirectX\DirectXResourceObject\ConstantBuffer\TransformMatrix\TransformMatrix.cpp" />
    <ClCompile Include="Engine\Rendering\DirectX\DirectXResourceObject\DepthStencil\DepthStencil.cpp" />
    <ClCompile Include="Engine\Rendering\DirectX\DirectXResourceObject\DirectXResourceObject.cpp" />
    <ClCompile Include="Engine\Rendering\DirectX\DirectXResourceObject\IndexBuffer\IndexBuffer.cpp" />
    <ClCompile Include="Engine\Rendering\DirectX\DirectXResourceObject\OffscreenRender\OffscreenRender.cpp" />
    <ClCompile Include="Engine\Rendering\DirectX\DirectXResourceObject\RenderTarget\RenderTarget.cpp" />
    <ClCompile Include="Engine\Rendering\DirectX\DirectXResourceObject\Texture\Texture.cpp" />
    <ClCompile Include="Engine\Rendering\DirectX\DirectXSwapChain\DirectXSwapChain.cpp" />
    <ClCompile Include="Engine\Rendering\DirectX\PipelineState\PipelineState.cpp" />
    <ClCompile Include="Engine\Rendering\DirectX\PipelineState\PSOBuilder\PSOBuilder.cpp" />
    <ClCompile Include="Engine\Rendering\DirectX\PipelineState\ShaderBuilder\ShaderBuilder.cpp" />
    <ClCompile Include="Engine\Rendering\DirectX\ShaderCompiler\ShaderCompiler.cpp" />
    <ClCompile Include="Engine\Utility\Tools\RandomEngine.cpp" />
    <ClCompile Include="Library\Math\Matrix3x3.cpp" />
    <ClCompile Include="Library\Math\Matrix4x4.cpp" />
    <ClCompile Include="Library\Math\Quaternion.cpp" />
    <ClCompile Include="Library\Math\Vector2.cpp" />
    <ClCompile Include="Library\Math\Vector3.cpp" />
    <ClCompile Include="Engine\Module\World\Camera\Camera2D.cpp" />
    <ClCompile Include="Engine\Module\World\Camera\Camera3D.cpp" />
    <ClCompile Include="Engine\Module\World\Collision\Collider\BaseCollider.cpp" />
    <ClCompile Include="Engine\Module\World\Collision\Collider\SphereCollider.cpp" />
    <ClCompile Include="Engine\Module\World\Collision\CollisionManager.cpp" />
    <ClCompile Include="Library\Math\Color4.cpp" />
    <ClCompile Include="Engine\Module\World\Mesh\MeshInstance.cpp" />
    <ClCompile Include="Engine\Module\World\Sprite\SpriteInstance.cpp" />
    <ClCompile Include="Library\Math\Hierarchy.cpp" />
    <ClCompile Include="Engine\Module\World\Particle\Particle\Particle.cpp" />
    <ClCompile Include="Engine\Resources\PolygonMesh\PolygonMesh.cpp" />
    <ClCompile Include="Engine\Resources\PolygonMesh\PolygonMeshManager.cpp" />
    <ClCompile Include="Engine\Resources\Texture\TextureManager.cpp" />
    <ClCompile Include="Library\Math\Transform2D.cpp" />
    <ClCompile Include="Library\Math\Transform3D.cpp" />
    <ClCompile Include="Engine\Module\World\WorldInstance\WorldInstance.cpp" />
    <ClCompile Include="Engine\Module\Render\RenderNode\BaseRenderNode.cpp" />
    <ClCompile Include="Engine\Module\Render\RenderNode\Posteffect\ChromaticAberration\ChromaticAberrationNode.cpp" />
    <ClCompile Include="Engine\Module\Render\RenderNode\Posteffect\Grayscale\GrayscaleNode.cpp" />
    <ClCompile Include="Engine\Module\Render\RenderNode\MultiRenderTargetNode.cpp" />
    <ClCompile Include="Engine\Module\Render\RenderNode\Forward\Object3DNode\Object3DNode.cpp" />
    <ClCompile Include="Engine\Module\Render\RenderNode\Posteffect\Outline\OutlineNode.cpp" />
    <ClCompile Include="Engine\Module\Render\RenderNode\Forward\Particle\ParticleBillboardNode\ParticleBillboardNode.cpp" />
    <ClCompile Include="Engine\Module\Render\RenderNode\Forward\Particle\ParticleMeshNode\ParticleMeshNode.cpp" />
    <ClCompile Include="Engine\Module\Render\RenderNode\Forward\Particle\ParticleSpriteNode\ParticleSpriteNode.cpp" />
    <ClCompile Include="Engine\Module\Render\RenderNode\Posteffect\RadialBlur\RadialBlurNode.cpp" />
    <ClCompile Include="Engine\Module\Render\RenderNode\SingleRenderTargetNode.cpp" />
    <ClCompile Include="Engine\Module\Render\RenderNode\2D\Sprite\SpriteNode.cpp" />
    <ClCompile Include="Engine\Module\Render\RenderPath\RenderPath.cpp" />
    <ClCompile Include="Engine\Module\Render\RenderTargetGroup\BaseRenderTargetGroup.cpp" />
    <ClCompile Include="Engine\Module\Render\RenderTargetGroup\MultiRenderTarget.cpp" />
    <ClCompile Include="Engine\Module\Render\RenderTargetGroup\SingleRenderTarget.cpp" />
    <ClCompile Include="Engine\Module\Render\RenderTargetGroup\SwapChainRenderTargetGroup.cpp" />
    <ClCompile Include="Engine\Resources\BackgroundLoader\BackgroundLoader.cpp" />
    <ClCompile Include="Engine\Utility\Tools\ConvertString.cpp" />
    <ClCompile Include="Engine\Application\WinApp.cpp" />
    <ClCompile Include="Library\Math\VectorConverter.cpp" />
    <ClCompile Include="main.cpp" />
    <ClCompile Include="TestCode\SceneDemo.cpp" />
    <ClCompile Include="Engine\Resources\Texture\TextureResourceBuilder.cpp" />
    <ClCompile Include="Engine\Module\World\WorldInstanceManager.cpp" />
    <ClCompile Include="Application\Scene\SelectScene.cpp" />
    <ClCompile Include="Application\Scene\DebugScene.cpp" />
  </ItemGroup>
  <ItemGroup>
    <ClInclude Include="Engine\Module\Render\RenderNode\Deferred\DeferredAdaptor.h" />
    <ClInclude Include="Engine\Module\Render\RenderNode\Deferred\Lighting\DirectionalLighingNode.h" />
    <ClInclude Include="Engine\Module\Render\RenderNode\Deferred\Mesh\MeshNodeDeferred.h" />
    <ClInclude Include="Engine\Module\DrawExecutor\PrimitiveLineDrawExecutor\PrimitiveLineDrawExecutor.h" />
    <ClInclude Include="Application\Character\Child\Child.h" />
    <ClInclude Include="Application\Scene\GameManagement.h" />
    <ClInclude Include="Application\Scene\UIManagement.h" />
    <ClInclude Include="Application\Character\CharacterBase.h" />
    <ClInclude Include="Engine\Module\World\Collision\Collider\AABBCollider.h" />
    <ClInclude Include="Application\Scene\GameScene.h" />
    <ClInclude Include="Application\Mapchip\MapchipField.h" />
    <ClInclude Include="Application\LevelLoader\LevelLoader.h" />
    <ClInclude Include="Application\Utility\GameUtility.h" />
    <ClInclude Include="Library\Math\Affine.h" />
    <ClInclude Include="Library\Math\Basis.h" />
    <ClInclude Include="Engine\Resources\Audio\AudioResourceBuilder.h" />
    <ClInclude Include="Engine\Module\World\AnimatedMesh\AnimatedMeshInstance.h" />
    <ClInclude Include="Engine\Debug\ImGui\ImGuiJsonEditor\ValueEditorObject.h" />
    <ClInclude Include="Engine\Module\World\Light\PointLight\PointLightInstance.h" />
    <ClInclude Include="Engine\Module\World\Light\SpotLight\SpotLightInstance.h" />
    <ClInclude Include="Engine\Module\World\Particle\ParticleEmitterInstance.h" />
    <ClInclude Include="Engine\Resources\Json\JsonResource.h" />
    <ClInclude Include="Engine\Debug\ImGui\ImGuiJsonEditor\ImGuiValueEditor.h" />
    <ClInclude Include="Engine\Resources\Json\JsonSerializer.h" />
    <ClInclude Include="Engine\Resources\BaseResourceBuilder.h" />
    <ClInclude Include="Library\Math\Color3.h" />
    <ClInclude Include="Engine\Module\Render\RenderNode\Debug\Line\LineNode.h" />
    <ClInclude Include="Engine\Debug\ImGui\ImGuiTK\ImGuiTK.h" />
    <ClInclude Include="Engine\Module\World\Particle\DrawSystem\BaseParticleDrawSystem.h" />
    <ClInclude Include="Engine\Module\World\Particle\DrawSystem\ParticleDrawSystemRect.h" />
    <ClInclude Include="Engine\Module\World\Particle\DrawSystem\ParticleDrawSystemMesh.h" />
    <ClInclude Include="Engine\Resources\Animation\NodeAnimation\NodeAnimationResource.h" />
    <ClInclude Include="Engine\Resources\Animation\NodeAnimation\NodeAnimationPlayer.h" />
    <ClInclude Include="Engine\Resources\Animation\Skeleton\SkeletonResource.h" />
    <ClInclude Include="Engine\Resources\Animation\NodeAnimation\NodeAnimationManager.h" />
    <ClInclude Include="Engine\Resources\Animation\Skeleton\SkeletonManager.h" />
    <ClInclude Include="Engine\Module\Render\RenderNode\Forward\SkinningMesh\SkinningMeshNode.h" />
    <ClInclude Include="Engine\Resources\PolygonMesh\PolygonMeshBuilder.h" />
    <ClInclude Include="Engine\Resources\Animation\Skeleton\SkeletonResourceBuilder.h" />
    <ClInclude Include="Engine\Resources\Animation\NodeAnimation\NodeAnimationResourceBuilder.h" />
    <ClInclude Include="Engine\Utility\Template\Reference.h" />
    <ClInclude Include="Engine\Resources\PrimitiveGeometry\PrimitiveGeometryResource.h" />
    <ClInclude Include="Engine\Resources\PrimitiveGeometry\PrimitiveGeometryManager.h" />
    <ClInclude Include="Engine\Module\Render\RenderNode\Debug\PrimitiveLine\PrimitiveLineNode.h" />
    <ClInclude Include="Engine\Module\Render\RenderNode\Deferred\Lighting\PointLightingNode.h" />
    <ClInclude Include="Engine\Module\Render\RenderNode\Deferred\SkinMesh\SkinMeshNodeDeferred.h" />
    <ClInclude Include="Application\Character\Player\Player.h" />
    <ClInclude Include="JsonReader.h" />
    <ClInclude Include="Application\Character\Player\PlayerManager.h" />
    <ClInclude Include="Application\Mapchip\MapchipHandler.h" />
    <ClInclude Include="TestCode\CallbackManagerDemo.h" />
    <ClInclude Include="Engine\Module\World\Collision\CollisionCallbackManager.h" />
    <ClInclude Include="Engine\Module\World\Light\DirectionalLight\DirectionalLightInstance.h" />
    <ClInclude Include="Engine\Application\EngineSettings.h" />
    <ClInclude Include="Engine\Debug\DebugValues\DebugValues.h" />
    <ClInclude Include="Engine\Rendering\DirectX\DirectXSystemValues.h" />
    <ClInclude Include="Engine\Rendering\RenderingSystemValues.h" />
    <ClInclude Include="Engine\Resources\Audio\AudioManager.h" />
    <ClInclude Include="Engine\Resources\Audio\AudioPlayer.h" />
    <ClInclude Include="Engine\Resources\Audio\AudioResource.h" />
    <ClInclude Include="Engine\Runtime\Input\Input.h" />
    <ClInclude Include="Engine\Runtime\Input\InputEnum.h" />
    <ClInclude Include="Engine\Runtime\Scene\BaseScene.h" />
    <ClInclude Include="Engine\Runtime\Scene\SceneManager.h" />
    <ClInclude Include="Engine\Runtime\WorldClock\WorldClock.h" />
    <ClInclude Include="Engine\Debug\ImGui\ImGuiLoadManager\ImGuiLoadManager.h" />
    <ClInclude Include="Engine\Debug\ImGui\ImGuiManager\ImGuiManager.h" />
    <ClInclude Include="Engine\Debug\Output.h" />
    <ClInclude Include="Engine\Rendering\DirectX\DirectXCommand\DirectXCommand.h" />
    <ClInclude Include="Engine\Rendering\DirectX\DirectXCore.h" />
    <ClInclude Include="Engine\Rendering\DirectX\DirectXDescriptorHeap\DirectXDescriptorHeap.h" />
    <ClInclude Include="Engine\Rendering\DirectX\DirectXDescriptorHeap\DSVDescroptorHeap\DSVDescriptorHeap.h" />
    <ClInclude Include="Engine\Rendering\DirectX\DirectXDescriptorHeap\RTVDescriptorHeap\RTVDescriptorHeap.h" />
    <ClInclude Include="Engine\Rendering\DirectX\DirectXDescriptorHeap\SRVDescriptorHeap\SRVDescriptorHeap.h" />
    <ClInclude Include="Engine\Rendering\DirectX\DirectXDevice\DirectXDevice.h" />
    <ClInclude Include="Engine\Rendering\DirectX\DirectXResourceObject\BufferObjects.h" />
    <ClInclude Include="Engine\Rendering\DirectX\DirectXResourceObject\ConstantBuffer\ConstantBuffer.h" />
    <ClInclude Include="Engine\Rendering\DirectX\DirectXResourceObject\ConstantBuffer\Material\Material.h" />
    <ClInclude Include="Engine\Rendering\DirectX\DirectXResourceObject\ConstantBuffer\TransformMatrix\TransformMatrix.h" />
    <ClInclude Include="Engine\Rendering\DirectX\DirectXResourceObject\DepthStencil\DepthStencil.h" />
    <ClInclude Include="Engine\Rendering\DirectX\DirectXResourceObject\DirectXResourceObject.h" />
    <ClInclude Include="Engine\Rendering\DirectX\DirectXResourceObject\IndexBuffer\IndexBuffer.h" />
    <ClInclude Include="Engine\Rendering\DirectX\DirectXResourceObject\OffscreenRender\OffscreenRender.h" />
    <ClInclude Include="Engine\Rendering\DirectX\DirectXResourceObject\RenderTarget\RenderTarget.h" />
    <ClInclude Include="Engine\Rendering\DirectX\DirectXResourceObject\StructuredBuffer\StructuredBuffer.h" />
    <ClInclude Include="Engine\Rendering\DirectX\DirectXResourceObject\Texture\Texture.h" />
    <ClInclude Include="Engine\Rendering\DirectX\DirectXResourceObject\VertexBuffer\VertexBuffer.h" />
    <ClInclude Include="Engine\Rendering\DirectX\DirectXSwapChain\DirectXSwapChain.h" />
    <ClInclude Include="Engine\Rendering\DirectX\PipelineState\PipelineState.h" />
    <ClInclude Include="Engine\Rendering\DirectX\PipelineState\PSOBuilder\PSOBuilder.h" />
    <ClInclude Include="Engine\Rendering\DirectX\PipelineState\ShaderBuilder\ShaderBuilder.h" />
    <ClInclude Include="Engine\Rendering\DirectX\ShaderCompiler\ShaderCompiler.h" />
    <ClInclude Include="Engine\Utility\Template\SingletonInterface.h" />
    <ClInclude Include="Engine\Utility\Template\SortedPair.h" />
    <ClInclude Include="Engine\Utility\Tools\ConstructorMacro.h" />
    <ClInclude Include="Engine\Utility\Tools\Hash.h" />
    <ClInclude Include="Engine\Utility\Tools\RandomEngine.h" />
    <ClInclude Include="Library\Math\Definition.h" />
    <ClInclude Include="Library\Math\Matrix.h" />
    <ClInclude Include="Library\Math\Matrix3x3.h" />
    <ClInclude Include="Library\Math\Matrix4x4.h" />
    <ClInclude Include="Library\Math\Quaternion.h" />
    <ClInclude Include="Library\Math\Vector2.h" />
    <ClInclude Include="Library\Math\Vector3.h" />
    <ClInclude Include="Engine\Utility\Template\Behavior.h" />
    <ClInclude Include="Engine\Module\World\Camera\Camera2D.h" />
    <ClInclude Include="Engine\Module\World\Camera\Camera3D.h" />
    <ClInclude Include="Engine\Module\World\Collision\Collider\BaseCollider.h" />
    <ClInclude Include="Engine\Module\World\Collision\Collider\SphereCollider.h" />
    <ClInclude Include="Engine\Module\World\Collision\CollisionFunctions.h" />
    <ClInclude Include="Engine\Module\World\Collision\CollisionManager.h" />
    <ClInclude Include="Library\Math\Color4.h" />
    <ClInclude Include="Engine\Module\World\Mesh\MeshInstance.h" />
    <ClInclude Include="Engine\Module\World\Sprite\SpriteInstance.h" />
    <ClInclude Include="Library\Math\Hierarchy.h" />
    <ClInclude Include="Engine\Module\World\Particle\DrawSystem\ParticleBufferValue.h" />
    <ClInclude Include="Engine\Module\World\Particle\Particle\Particle.h" />
    <ClInclude Include="Engine\Resources\PolygonMesh\PolygonMesh.h" />
    <ClInclude Include="Engine\Resources\PolygonMesh\PolygonMeshManager.h" />
    <ClInclude Include="Engine\Resources\Texture\TextureManager.h" />
    <ClInclude Include="Library\Math\Transform2D.h" />
    <ClInclude Include="Library\Math\Transform3D.h" />
    <ClInclude Include="Engine\Module\World\WorldInstance\WorldInstance.h" />
    <ClInclude Include="Engine\Module\Render\RenderNode\BaseRenderNode.h" />
    <ClInclude Include="Engine\Module\Render\RenderNode\Posteffect\ChromaticAberration\ChromaticAberrationNode.h" />
    <ClInclude Include="Engine\Module\Render\RenderNode\Posteffect\Grayscale\GrayscaleNode.h" />
    <ClInclude Include="Engine\Module\Render\RenderNode\MultiRenderTargetNode.h" />
    <ClInclude Include="Engine\Module\Render\RenderNode\Forward\Object3DNode\Object3DNode.h" />
    <ClInclude Include="Engine\Module\Render\RenderNode\Posteffect\Outline\OutlineNode.h" />
    <ClInclude Include="Engine\Module\Render\RenderNode\Forward\Particle\ParticleBillboardNode\ParticleBillboardNode.h" />
    <ClInclude Include="Engine\Module\Render\RenderNode\Forward\Particle\ParticleMeshNode\ParticleMeshNode.h" />
    <ClInclude Include="Engine\Module\Render\RenderNode\Forward\Particle\ParticleSpriteNode\ParticleSpriteNode.h" />
    <ClInclude Include="Engine\Module\Render\RenderNode\Posteffect\RadialBlur\RadialBlurNode.h" />
    <ClInclude Include="Engine\Module\Render\RenderNode\SingleRenderTargetNode.h" />
    <ClInclude Include="Engine\Module\Render\RenderNode\2D\Sprite\SpriteNode.h" />
    <ClInclude Include="Engine\Module\Render\RenderPath\RenderPath.h" />
    <ClInclude Include="Engine\Module\Render\RenderTargetGroup\BaseRenderTargetGroup.h" />
    <ClInclude Include="Engine\Module\Render\RenderTargetGroup\MultiRenderTarget.h" />
    <ClInclude Include="Engine\Module\Render\RenderTargetGroup\SingleRenderTarget.h" />
    <ClInclude Include="Engine\Module\Render\RenderTargetGroup\SwapChainRenderTargetGroup.h" />
    <ClInclude Include="Engine\Utility\Template\Array2D.h" />
    <ClInclude Include="Engine\Resources\BackgroundLoader\BackgroundLoader.h" />
    <ClInclude Include="Engine\Utility\Template\bitflag.h" />
    <ClInclude Include="Engine\Utility\Tools\ConvertString.h" />
    <ClInclude Include="Engine\Utility\Tools\SmartPointer.h" />
    <ClInclude Include="Engine\Utility\Template\TimedCall.h" />
    <ClInclude Include="Engine\Application\WinApp.h" />
    <ClInclude Include="Library\Math\VectorConverter.h" />
    <ClInclude Include="Engine\Module\World\Light\BaseLightInstance.h" />
    <ClInclude Include="TestCode\SceneDemo.h" />
    <ClInclude Include="Engine\Resources\Texture\TextureResourceBuilder.h" />
    <ClInclude Include="Engine\Module\World\WorldInstanceManager.h" />
    <ClInclude Include="Application\Scene\SelectScene.h" />
    <ClInclude Include="Application\Scene\DebugScene.h" />
  </ItemGroup>
  <ItemGroup>
    <FxCompile Include="EngineResources\HLSL\FullscreenShader.hlsl">
      <Filter>EngineResources\HLSL</Filter>
    </FxCompile>
    <FxCompile Include="EngineResources\HLSL\Sprite\Sprite.PS.hlsl">
      <Filter>EngineResources\HLSL\Texture</Filter>
    </FxCompile>
    <FxCompile Include="EngineResources\HLSL\Sprite\Sprite.VS.hlsl">
      <Filter>EngineResources\HLSL\Texture</Filter>
    </FxCompile>
  </ItemGroup>
  <ItemGroup>
    <None Include="EngineResources\HLSL\Forward\3DObject\Object3d.hlsli" />
    <None Include="EngineResources\HLSL\Posteffect\ChromaticAberration\ChromaticAberration.hlsli" />
    <None Include="EngineResources\HLSL\Posteffect\Grayscale\Grayscale.hlsli" />
    <None Include="EngineResources\HLSL\Debug\NormalColor\NormalColor.hlsli" />
    <None Include="EngineResources\HLSL\Forward\Particle\ParticleBillboard\ParticleBillboard.hlsli" />
    <None Include="EngineResources\HLSL\Forward\Particle\ParticleMesh\ParticleMesh.hlsli" />
    <None Include="EngineResources\HLSL\Posteffect\RadialBlur\RadialBlur.hlsli" />
    <None Include="EngineResources\HLSL\Sprite\Sprite.hlsli" />
  </ItemGroup>
</Project>